
Microsoft Visual Studio Solution File, Format Version 12.00
# Visual Studio Version 17
VisualStudioVersion = 17.14.36127.28
MinimumVisualStudioVersion = 10.0.40219.1
Project("{FAE04EC0-301F-11D3-BF4B-00C04F79EFBC}") = "HerokuappLoginTests", "HerokuappLoginTests\HerokuappLoginTests.csproj", "{4857CA59-6162-4243-9B1D-2814C7DF6F61}"
EndProject
Project("{2150E333-8FDC-42A3-9474-1A3956D46DE8}") = "setup", "setup", "{02EA681E-C7D8-13C7-8484-4AC65E1B71E8}"
	ProjectSection(SolutionItems) = preProject
		test.runsettings = test.runsettings
	EndProjectSection
EndProject
Global
	GlobalSection(SolutionConfigurationPlatforms) = preSolution
		Debug|Any CPU = Debug|Any CPU
		Release|Any CPU = Release|Any CPU
	EndGlobalSection
	GlobalSection(ProjectConfigurationPlatforms) = postSolution
		{4857CA59-6162-4243-9B1D-2814C7DF6F61}.Debug|Any CPU.ActiveCfg = Debug|Any CPU
		{4857CA59-6162-4243-9B1D-2814C7DF6F61}.Debug|Any CPU.Build.0 = Debug|Any CPU
		{4857CA59-6162-4243-9B1D-2814C7DF6F61}.Release|Any CPU.ActiveCfg = Release|Any CPU
		{4857CA59-6162-4243-9B1D-2814C7DF6F61}.Release|Any CPU.Build.0 = Release|Any CPU
	EndGlobalSection
	GlobalSection(SolutionProperties) = preSolution
		HideSolutionNode = FALSE
	EndGlobalSection
	GlobalSection(ExtensibilityGlobals) = postSolution
		SolutionGuid = {1A1DC72B-8BD9-41CE-BCFA-E8A1BB38C973}
	EndGlobalSection
EndGlobal
